
Microsoft Visual Studio Solution File, Format Version 12.00
# Visual Studio Version 17
VisualStudioVersion = 17.10.34707.107
MinimumVisualStudioVersion = 10.0.40219.1
Project("{9A19103F-16F7-4668-BE54-9A1E7A4F7556}") = "StartProject", "StartProject\StartProject.csproj", "{EDC5AFB0-4C9E-4590-BF65-1289A6F6E192}"
EndProject
Project("{9A19103F-16F7-4668-BE54-9A1E7A4F7556}") = "AngularApplication", "AngularApplication\AngularApplication.csproj", "{40BA7AF1-0819-4702-B983-24C01B358497}"
EndProject
Project("{FAE04EC0-301F-11D3-BF4B-00C04F79EFBC}") = "ReactApplication", "react-application\ReactApplication.csproj", "{4BA83FBA-6086-4AC8-A073-07F7283D9E9E}"
EndProject
Global
	GlobalSection(SolutionConfigurationPlatforms) = preSolution
		Debug|Any CPU = Debug|Any CPU
		Release|Any CPU = Release|Any CPU
	EndGlobalSection
	GlobalSection(ProjectConfigurationPlatforms) = postSolution
		{EDC5AFB0-4C9E-4590-BF65-1289A6F6E192}.Debug|Any CPU.ActiveCfg = Debug|Any CPU
		{EDC5AFB0-4C9E-4590-BF65-1289A6F6E192}.Debug|Any CPU.Build.0 = Debug|Any CPU
		{EDC5AFB0-4C9E-4590-BF65-1289A6F6E192}.Release|Any CPU.ActiveCfg = Release|Any CPU
		{EDC5AFB0-4C9E-4590-BF65-1289A6F6E192}.Release|Any CPU.Build.0 = Release|Any CPU
		{40BA7AF1-0819-4702-B983-24C01B358497}.Debug|Any CPU.ActiveCfg = Debug|Any CPU
		{40BA7AF1-0819-4702-B983-24C01B358497}.Debug|Any CPU.Build.0 = Debug|Any CPU
		{40BA7AF1-0819-4702-B983-24C01B358497}.Release|Any CPU.ActiveCfg = Release|Any CPU
		{40BA7AF1-0819-4702-B983-24C01B358497}.Release|Any CPU.Build.0 = Release|Any CPU
		{4BA83FBA-6086-4AC8-A073-07F7283D9E9E}.Debug|Any CPU.ActiveCfg = Debug|Any CPU
		{4BA83FBA-6086-4AC8-A073-07F7283D9E9E}.Debug|Any CPU.Build.0 = Debug|Any CPU
		{4BA83FBA-6086-4AC8-A073-07F7283D9E9E}.Release|Any CPU.ActiveCfg = Release|Any CPU
		{4BA83FBA-6086-4AC8-A073-07F7283D9E9E}.Release|Any CPU.Build.0 = Release|Any CPU
	EndGlobalSection
	GlobalSection(SolutionProperties) = preSolution
		HideSolutionNode = FALSE
	EndGlobalSection
	GlobalSection(ExtensibilityGlobals) = postSolution
		SolutionGuid = {D262A97D-A4FB-4011-95AC-32DAECA468F4}
	EndGlobalSection
EndGlobal
